
Microsoft Visual Studio Solution File, Format Version 12.00
# Visual Studio 15
VisualStudioVersion = 15.0.28010.2041
MinimumVisualStudioVersion = 10.0.40219.1
Project("{FAE04EC0-301F-11D3-BF4B-00C04F79EFBC}") = "RentABag.Web", "RentABag.Web\RentABag.Web.csproj", "{30E94ACF-5BE2-4868-8B4A-3FDFC85ADBC0}"
EndProject
Project("{FAE04EC0-301F-11D3-BF4B-00C04F79EFBC}") = "RentABag.Data", "RentACar.Data\RentABag.Data.csproj", "{49720A1C-AB64-4DAA-8125-3E9304C011FE}"
EndProject
Project("{FAE04EC0-301F-11D3-BF4B-00C04F79EFBC}") = "RentABag.Models", "RentABag.Models\RentABag.Models.csproj", "{09A9D1C1-C78D-49CE-A279-964C6D06214C}"
EndProject
Global
	GlobalSection(SolutionConfigurationPlatforms) = preSolution
		Debug|Any CPU = Debug|Any CPU
		Release|Any CPU = Release|Any CPU
	EndGlobalSection
	GlobalSection(ProjectConfigurationPlatforms) = postSolution
		{30E94ACF-5BE2-4868-8B4A-3FDFC85ADBC0}.Debug|Any CPU.ActiveCfg = Debug|Any CPU
		{30E94ACF-5BE2-4868-8B4A-3FDFC85ADBC0}.Debug|Any CPU.Build.0 = Debug|Any CPU
		{30E94ACF-5BE2-4868-8B4A-3FDFC85ADBC0}.Release|Any CPU.ActiveCfg = Release|Any CPU
		{30E94ACF-5BE2-4868-8B4A-3FDFC85ADBC0}.Release|Any CPU.Build.0 = Release|Any CPU
		{49720A1C-AB64-4DAA-8125-3E9304C011FE}.Debug|Any CPU.ActiveCfg = Debug|Any CPU
		{49720A1C-AB64-4DAA-8125-3E9304C011FE}.Debug|Any CPU.Build.0 = Debug|Any CPU
		{49720A1C-AB64-4DAA-8125-3E9304C011FE}.Release|Any CPU.ActiveCfg = Release|Any CPU
		{49720A1C-AB64-4DAA-8125-3E9304C011FE}.Release|Any CPU.Build.0 = Release|Any CPU
		{09A9D1C1-C78D-49CE-A279-964C6D06214C}.Debug|Any CPU.ActiveCfg = Debug|Any CPU
		{09A9D1C1-C78D-49CE-A279-964C6D06214C}.Debug|Any CPU.Build.0 = Debug|Any CPU
		{09A9D1C1-C78D-49CE-A279-964C6D06214C}.Release|Any CPU.ActiveCfg = Release|Any CPU
		{09A9D1C1-C78D-49CE-A279-964C6D06214C}.Release|Any CPU.Build.0 = Release|Any CPU
	EndGlobalSection
	GlobalSection(SolutionProperties) = preSolution
		HideSolutionNode = FALSE
	EndGlobalSection
	GlobalSection(ExtensibilityGlobals) = postSolution
		SolutionGuid = {659AF96E-0CE5-4B50-B6ED-4616FC8592A7}
	EndGlobalSection
EndGlobal
