
Microsoft Visual Studio Solution File, Format Version 12.00
# Visual Studio 15
VisualStudioVersion = 15.0.28010.2041
MinimumVisualStudioVersion = 10.0.40219.1
Project("{9A19103F-16F7-4668-BE54-9A1E7A4F7556}") = "RentABag.Web", "RentABag.Web\RentABag.Web.csproj", "{30E94ACF-5BE2-4868-8B4A-3FDFC85ADBC0}"
EndProject
Project("{9A19103F-16F7-4668-BE54-9A1E7A4F7556}") = "RentABag.Data", "RentACar.Data\RentABag.Data.csproj", "{49720A1C-AB64-4DAA-8125-3E9304C011FE}"
EndProject
Project("{9A19103F-16F7-4668-BE54-9A1E7A4F7556}") = "RentABag.Models", "RentABag.Models\RentABag.Models.csproj", "{09A9D1C1-C78D-49CE-A279-964C6D06214C}"
EndProject
Project("{2150E333-8FDC-42A3-9474-1A3956D46DE8}") = "Services", "Services", "{776E996C-3735-4EEB-A836-9B2BF8AC3990}"
EndProject
Project("{9A19103F-16F7-4668-BE54-9A1E7A4F7556}") = "RentABag.Services.Mapping", "RentABag.Services.Mapping\RentABag.Services.Mapping.csproj", "{D9EB9C21-D50A-40AB-883F-05444125847F}"
EndProject
Project("{9A19103F-16F7-4668-BE54-9A1E7A4F7556}") = "RentABag.ViewModels", "RentABag.ViewModels\RentABag.ViewModels.csproj", "{44CEE2E1-CBBD-4160-8C15-FC3F8F71ECCC}"
EndProject
Project("{9A19103F-16F7-4668-BE54-9A1E7A4F7556}") = "RentABag.Services.Common", "RentABag.Services.Common\RentABag.Services.Common.csproj", "{298598C8-C959-4EFE-95F5-91C2922983BC}"
EndProject
Global
	GlobalSection(SolutionConfigurationPlatforms) = preSolution
		Debug|Any CPU = Debug|Any CPU
		Release|Any CPU = Release|Any CPU
	EndGlobalSection
	GlobalSection(ProjectConfigurationPlatforms) = postSolution
		{30E94ACF-5BE2-4868-8B4A-3FDFC85ADBC0}.Debug|Any CPU.ActiveCfg = Debug|Any CPU
		{30E94ACF-5BE2-4868-8B4A-3FDFC85ADBC0}.Debug|Any CPU.Build.0 = Debug|Any CPU
		{30E94ACF-5BE2-4868-8B4A-3FDFC85ADBC0}.Release|Any CPU.ActiveCfg = Release|Any CPU
		{30E94ACF-5BE2-4868-8B4A-3FDFC85ADBC0}.Release|Any CPU.Build.0 = Release|Any CPU
		{49720A1C-AB64-4DAA-8125-3E9304C011FE}.Debug|Any CPU.ActiveCfg = Debug|Any CPU
		{49720A1C-AB64-4DAA-8125-3E9304C011FE}.Debug|Any CPU.Build.0 = Debug|Any CPU
		{49720A1C-AB64-4DAA-8125-3E9304C011FE}.Release|Any CPU.ActiveCfg = Release|Any CPU
		{49720A1C-AB64-4DAA-8125-3E9304C011FE}.Release|Any CPU.Build.0 = Release|Any CPU
		{09A9D1C1-C78D-49CE-A279-964C6D06214C}.Debug|Any CPU.ActiveCfg = Debug|Any CPU
		{09A9D1C1-C78D-49CE-A279-964C6D06214C}.Debug|Any CPU.Build.0 = Debug|Any CPU
		{09A9D1C1-C78D-49CE-A279-964C6D06214C}.Release|Any CPU.ActiveCfg = Release|Any CPU
		{09A9D1C1-C78D-49CE-A279-964C6D06214C}.Release|Any CPU.Build.0 = Release|Any CPU
		{D9EB9C21-D50A-40AB-883F-05444125847F}.Debug|Any CPU.ActiveCfg = Debug|Any CPU
		{D9EB9C21-D50A-40AB-883F-05444125847F}.Debug|Any CPU.Build.0 = Debug|Any CPU
		{D9EB9C21-D50A-40AB-883F-05444125847F}.Release|Any CPU.ActiveCfg = Release|Any CPU
		{D9EB9C21-D50A-40AB-883F-05444125847F}.Release|Any CPU.Build.0 = Release|Any CPU
		{44CEE2E1-CBBD-4160-8C15-FC3F8F71ECCC}.Debug|Any CPU.ActiveCfg = Debug|Any CPU
		{44CEE2E1-CBBD-4160-8C15-FC3F8F71ECCC}.Debug|Any CPU.Build.0 = Debug|Any CPU
		{44CEE2E1-CBBD-4160-8C15-FC3F8F71ECCC}.Release|Any CPU.ActiveCfg = Release|Any CPU
		{44CEE2E1-CBBD-4160-8C15-FC3F8F71ECCC}.Release|Any CPU.Build.0 = Release|Any CPU
		{298598C8-C959-4EFE-95F5-91C2922983BC}.Debug|Any CPU.ActiveCfg = Debug|Any CPU
		{298598C8-C959-4EFE-95F5-91C2922983BC}.Debug|Any CPU.Build.0 = Debug|Any CPU
		{298598C8-C959-4EFE-95F5-91C2922983BC}.Release|Any CPU.ActiveCfg = Release|Any CPU
		{298598C8-C959-4EFE-95F5-91C2922983BC}.Release|Any CPU.Build.0 = Release|Any CPU
	EndGlobalSection
	GlobalSection(SolutionProperties) = preSolution
		HideSolutionNode = FALSE
	EndGlobalSection
	GlobalSection(NestedProjects) = preSolution
		{D9EB9C21-D50A-40AB-883F-05444125847F} = {776E996C-3735-4EEB-A836-9B2BF8AC3990}
		{298598C8-C959-4EFE-95F5-91C2922983BC} = {776E996C-3735-4EEB-A836-9B2BF8AC3990}
	EndGlobalSection
	GlobalSection(ExtensibilityGlobals) = postSolution
		SolutionGuid = {659AF96E-0CE5-4B50-B6ED-4616FC8592A7}
	EndGlobalSection
EndGlobal
